
Microsoft Visual Studio Solution File, Format Version 12.00
# Visual Studio Version 17
VisualStudioVersion = 17.10.35122.118
MinimumVisualStudioVersion = 10.0.40219.1
Project("{FAE04EC0-301F-11D3-BF4B-00C04F79EFBC}") = "LFT_Hex_Editor", "LFT_Hex_Editor.csproj", "{DCE1C7BA-C086-4098-B184-AA18B7201CA8}"
EndProject
Project("{9A19103F-16F7-4668-BE54-9A1E7A4F7556}") = "WpfHexEditorCore", "WpfHexEditorControl-master\WpfHexEditorControl-master\Sources\WPFHexaEditor\WpfHexEditorCore.csproj", "{ADDF33FA-6F6E-4F32-8620-E06552BA1429}"
EndProject
Global
	GlobalSection(SolutionConfigurationPlatforms) = preSolution
		Debug|Any CPU = Debug|Any CPU
		Release|Any CPU = Release|Any CPU
	EndGlobalSection
	GlobalSection(ProjectConfigurationPlatforms) = postSolution
		{DCE1C7BA-C086-4098-B184-AA18B7201CA8}.Debug|Any CPU.ActiveCfg = Debug|Any CPU
		{DCE1C7BA-C086-4098-B184-AA18B7201CA8}.Debug|Any CPU.Build.0 = Debug|Any CPU
		{DCE1C7BA-C086-4098-B184-AA18B7201CA8}.Release|Any CPU.ActiveCfg = Release|Any CPU
		{DCE1C7BA-C086-4098-B184-AA18B7201CA8}.Release|Any CPU.Build.0 = Release|Any CPU
		{ADDF33FA-6F6E-4F32-8620-E06552BA1429}.Debug|Any CPU.ActiveCfg = Debug|Any CPU
		{ADDF33FA-6F6E-4F32-8620-E06552BA1429}.Debug|Any CPU.Build.0 = Debug|Any CPU
		{ADDF33FA-6F6E-4F32-8620-E06552BA1429}.Release|Any CPU.ActiveCfg = Release|Any CPU
		{ADDF33FA-6F6E-4F32-8620-E06552BA1429}.Release|Any CPU.Build.0 = Release|Any CPU
	EndGlobalSection
	GlobalSection(SolutionProperties) = preSolution
		HideSolutionNode = FALSE
	EndGlobalSection
	GlobalSection(ExtensibilityGlobals) = postSolution
		SolutionGuid = {1159BA87-6A91-4652-9E20-AD23DE284D5E}
	EndGlobalSection
EndGlobal
